
Microsoft Visual Studio Solution File, Format Version 12.00
# Visual Studio Version 17
VisualStudioVersion = 17.10.35122.118
MinimumVisualStudioVersion = 10.0.40219.1
Project("{2150E333-8FDC-42A3-9474-1A3956D46DE8}") = "Services", "Services", "{2ABF75DE-24E5-443E-A520-F7172DF53D6D}"
EndProject
Project("{2150E333-8FDC-42A3-9474-1A3956D46DE8}") = "Catalog", "Catalog", "{6F877503-E9F2-47D1-8AEB-BAE2DFB3E4EF}"
EndProject
Project("{9A19103F-16F7-4668-BE54-9A1E7A4F7556}") = "Catalog.API", "Services\Catalog\Catalog.API\Catalog.API.csproj", "{77C28C52-33A1-4779-9F50-93F10C9ECE9E}"
EndProject
Project("{2150E333-8FDC-42A3-9474-1A3956D46DE8}") = "BuildingBlocks", "BuildingBlocks", "{6A8E895C-CE7A-4C95-94F1-29334F8EFF45}"
EndProject
Project("{9A19103F-16F7-4668-BE54-9A1E7A4F7556}") = "BuildingBlocks", "BuildingBlocks\BuildingBlocks\BuildingBlocks.csproj", "{0696A8B6-EB56-414C-8F07-975F7C35508B}"
EndProject
Project("{E53339B2-1760-4266-BCC7-CA923CBCF16C}") = "docker-compose", "docker-compose.dcproj", "{13791A57-83D4-4731-A7A1-D1F7FD57BA34}"
EndProject
Project("{2150E333-8FDC-42A3-9474-1A3956D46DE8}") = "Basket", "Basket", "{CC90D8E5-BD9D-4600-89FE-0C735F82901F}"
EndProject
Project("{9A19103F-16F7-4668-BE54-9A1E7A4F7556}") = "Basket.API", "Services\Basket\Basket.API\Basket.API.csproj", "{BC4608CB-2A95-4528-AEBD-E7698C7B6AC9}"
EndProject
Project("{2150E333-8FDC-42A3-9474-1A3956D46DE8}") = "Discount", "Discount", "{A87A9A0C-3194-40AB-93A4-BEAA270DDA8C}"
EndProject
Project("{9A19103F-16F7-4668-BE54-9A1E7A4F7556}") = "Discount.Grpc", "Services\Discount\Discount.Grpc\Discount.Grpc.csproj", "{826774AA-B03A-4C07-A953-89553EDB03CC}"
EndProject
Project("{2150E333-8FDC-42A3-9474-1A3956D46DE8}") = "Ordering", "Ordering", "{2E1802C9-F97D-491C-B823-4FCDAEE18027}"
EndProject
Project("{FAE04EC0-301F-11D3-BF4B-00C04F79EFBC}") = "Ordering.API", "Services\Ordering\Ordering.API\Ordering.API.csproj", "{3365C19F-4DD3-4326-A9EA-B39DE64BD50B}"
EndProject
Project("{FAE04EC0-301F-11D3-BF4B-00C04F79EFBC}") = "Ordering.Domain", "Services\Ordering\Ordering.Domain\Ordering.Domain.csproj", "{FA7EB00F-FB28-4872-A982-CC304D026EC6}"
EndProject
Project("{FAE04EC0-301F-11D3-BF4B-00C04F79EFBC}") = "Ordering.Application", "Services\Ordering\Ordering.Application\Ordering.Application.csproj", "{F0A262AB-64E9-43F7-95B0-C2F7F0650950}"
EndProject
Project("{FAE04EC0-301F-11D3-BF4B-00C04F79EFBC}") = "Ordering.Infrastructure", "Services\Ordering\Ordering.Infrastructure\Ordering.Infrastructure.csproj", "{42CA9DCE-0CEB-483B-907B-0C269A6A8F10}"
EndProject
Global
	GlobalSection(SolutionConfigurationPlatforms) = preSolution
		Debug|Any CPU = Debug|Any CPU
		Release|Any CPU = Release|Any CPU
	EndGlobalSection
	GlobalSection(ProjectConfigurationPlatforms) = postSolution
		{77C28C52-33A1-4779-9F50-93F10C9ECE9E}.Debug|Any CPU.ActiveCfg = Debug|Any CPU
		{77C28C52-33A1-4779-9F50-93F10C9ECE9E}.Debug|Any CPU.Build.0 = Debug|Any CPU
		{77C28C52-33A1-4779-9F50-93F10C9ECE9E}.Release|Any CPU.ActiveCfg = Release|Any CPU
		{77C28C52-33A1-4779-9F50-93F10C9ECE9E}.Release|Any CPU.Build.0 = Release|Any CPU
		{0696A8B6-EB56-414C-8F07-975F7C35508B}.Debug|Any CPU.ActiveCfg = Debug|Any CPU
		{0696A8B6-EB56-414C-8F07-975F7C35508B}.Debug|Any CPU.Build.0 = Debug|Any CPU
		{0696A8B6-EB56-414C-8F07-975F7C35508B}.Release|Any CPU.ActiveCfg = Release|Any CPU
		{0696A8B6-EB56-414C-8F07-975F7C35508B}.Release|Any CPU.Build.0 = Release|Any CPU
		{13791A57-83D4-4731-A7A1-D1F7FD57BA34}.Debug|Any CPU.ActiveCfg = Debug|Any CPU
		{13791A57-83D4-4731-A7A1-D1F7FD57BA34}.Debug|Any CPU.Build.0 = Debug|Any CPU
		{13791A57-83D4-4731-A7A1-D1F7FD57BA34}.Release|Any CPU.ActiveCfg = Release|Any CPU
		{13791A57-83D4-4731-A7A1-D1F7FD57BA34}.Release|Any CPU.Build.0 = Release|Any CPU
		{BC4608CB-2A95-4528-AEBD-E7698C7B6AC9}.Debug|Any CPU.ActiveCfg = Debug|Any CPU
		{BC4608CB-2A95-4528-AEBD-E7698C7B6AC9}.Debug|Any CPU.Build.0 = Debug|Any CPU
		{BC4608CB-2A95-4528-AEBD-E7698C7B6AC9}.Release|Any CPU.ActiveCfg = Release|Any CPU
		{BC4608CB-2A95-4528-AEBD-E7698C7B6AC9}.Release|Any CPU.Build.0 = Release|Any CPU
		{826774AA-B03A-4C07-A953-89553EDB03CC}.Debug|Any CPU.ActiveCfg = Debug|Any CPU
		{826774AA-B03A-4C07-A953-89553EDB03CC}.Debug|Any CPU.Build.0 = Debug|Any CPU
		{826774AA-B03A-4C07-A953-89553EDB03CC}.Release|Any CPU.ActiveCfg = Release|Any CPU
		{826774AA-B03A-4C07-A953-89553EDB03CC}.Release|Any CPU.Build.0 = Release|Any CPU
		{3365C19F-4DD3-4326-A9EA-B39DE64BD50B}.Debug|Any CPU.ActiveCfg = Debug|Any CPU
		{3365C19F-4DD3-4326-A9EA-B39DE64BD50B}.Debug|Any CPU.Build.0 = Debug|Any CPU
		{3365C19F-4DD3-4326-A9EA-B39DE64BD50B}.Release|Any CPU.ActiveCfg = Release|Any CPU
		{3365C19F-4DD3-4326-A9EA-B39DE64BD50B}.Release|Any CPU.Build.0 = Release|Any CPU
		{FA7EB00F-FB28-4872-A982-CC304D026EC6}.Debug|Any CPU.ActiveCfg = Debug|Any CPU
		{FA7EB00F-FB28-4872-A982-CC304D026EC6}.Debug|Any CPU.Build.0 = Debug|Any CPU
		{FA7EB00F-FB28-4872-A982-CC304D026EC6}.Release|Any CPU.ActiveCfg = Release|Any CPU
		{FA7EB00F-FB28-4872-A982-CC304D026EC6}.Release|Any CPU.Build.0 = Release|Any CPU
		{F0A262AB-64E9-43F7-95B0-C2F7F0650950}.Debug|Any CPU.ActiveCfg = Debug|Any CPU
		{F0A262AB-64E9-43F7-95B0-C2F7F0650950}.Debug|Any CPU.Build.0 = Debug|Any CPU
		{F0A262AB-64E9-43F7-95B0-C2F7F0650950}.Release|Any CPU.ActiveCfg = Release|Any CPU
		{F0A262AB-64E9-43F7-95B0-C2F7F0650950}.Release|Any CPU.Build.0 = Release|Any CPU
		{42CA9DCE-0CEB-483B-907B-0C269A6A8F10}.Debug|Any CPU.ActiveCfg = Debug|Any CPU
		{42CA9DCE-0CEB-483B-907B-0C269A6A8F10}.Debug|Any CPU.Build.0 = Debug|Any CPU
		{42CA9DCE-0CEB-483B-907B-0C269A6A8F10}.Release|Any CPU.ActiveCfg = Release|Any CPU
		{42CA9DCE-0CEB-483B-907B-0C269A6A8F10}.Release|Any CPU.Build.0 = Release|Any CPU
	EndGlobalSection
	GlobalSection(SolutionProperties) = preSolution
		HideSolutionNode = FALSE
	EndGlobalSection
	GlobalSection(NestedProjects) = preSolution
		{6F877503-E9F2-47D1-8AEB-BAE2DFB3E4EF} = {2ABF75DE-24E5-443E-A520-F7172DF53D6D}
		{77C28C52-33A1-4779-9F50-93F10C9ECE9E} = {6F877503-E9F2-47D1-8AEB-BAE2DFB3E4EF}
		{0696A8B6-EB56-414C-8F07-975F7C35508B} = {6A8E895C-CE7A-4C95-94F1-29334F8EFF45}
		{CC90D8E5-BD9D-4600-89FE-0C735F82901F} = {2ABF75DE-24E5-443E-A520-F7172DF53D6D}
		{BC4608CB-2A95-4528-AEBD-E7698C7B6AC9} = {CC90D8E5-BD9D-4600-89FE-0C735F82901F}
		{A87A9A0C-3194-40AB-93A4-BEAA270DDA8C} = {2ABF75DE-24E5-443E-A520-F7172DF53D6D}
		{826774AA-B03A-4C07-A953-89553EDB03CC} = {A87A9A0C-3194-40AB-93A4-BEAA270DDA8C}
		{2E1802C9-F97D-491C-B823-4FCDAEE18027} = {2ABF75DE-24E5-443E-A520-F7172DF53D6D}
		{3365C19F-4DD3-4326-A9EA-B39DE64BD50B} = {2E1802C9-F97D-491C-B823-4FCDAEE18027}
		{FA7EB00F-FB28-4872-A982-CC304D026EC6} = {2E1802C9-F97D-491C-B823-4FCDAEE18027}
		{F0A262AB-64E9-43F7-95B0-C2F7F0650950} = {2E1802C9-F97D-491C-B823-4FCDAEE18027}
		{42CA9DCE-0CEB-483B-907B-0C269A6A8F10} = {2E1802C9-F97D-491C-B823-4FCDAEE18027}
	EndGlobalSection
	GlobalSection(ExtensibilityGlobals) = postSolution
		SolutionGuid = {EEB02FC0-D002-4227-8240-DE6EEBEAA16A}
	EndGlobalSection
EndGlobal
