
Microsoft Visual Studio Solution File, Format Version 12.00
# Visual Studio Version 17
VisualStudioVersion = 17.10.35122.118
MinimumVisualStudioVersion = 10.0.40219.1
Project("{2150E333-8FDC-42A3-9474-1A3956D46DE8}") = "Services", "Services", "{2ABF75DE-24E5-443E-A520-F7172DF53D6D}"
EndProject
Project("{2150E333-8FDC-42A3-9474-1A3956D46DE8}") = "Catalog", "Catalog", "{6F877503-E9F2-47D1-8AEB-BAE2DFB3E4EF}"
EndProject
Project("{9A19103F-16F7-4668-BE54-9A1E7A4F7556}") = "Catalog.API", "Services\Catalog\Catalog.API\Catalog.API.csproj", "{77C28C52-33A1-4779-9F50-93F10C9ECE9E}"
EndProject
Project("{2150E333-8FDC-42A3-9474-1A3956D46DE8}") = "BuildingBlocks", "BuildingBlocks", "{6A8E895C-CE7A-4C95-94F1-29334F8EFF45}"
EndProject
Project("{9A19103F-16F7-4668-BE54-9A1E7A4F7556}") = "BuildingBlocks", "BuildingBlocks\BuildingBlocks\BuildingBlocks.csproj", "{0696A8B6-EB56-414C-8F07-975F7C35508B}"
EndProject
Project("{E53339B2-1760-4266-BCC7-CA923CBCF16C}") = "docker-compose", "docker-compose.dcproj", "{13791A57-83D4-4731-A7A1-D1F7FD57BA34}"
EndProject
Global
	GlobalSection(SolutionConfigurationPlatforms) = preSolution
		Debug|Any CPU = Debug|Any CPU
		Release|Any CPU = Release|Any CPU
	EndGlobalSection
	GlobalSection(ProjectConfigurationPlatforms) = postSolution
		{77C28C52-33A1-4779-9F50-93F10C9ECE9E}.Debug|Any CPU.ActiveCfg = Debug|Any CPU
		{77C28C52-33A1-4779-9F50-93F10C9ECE9E}.Debug|Any CPU.Build.0 = Debug|Any CPU
		{77C28C52-33A1-4779-9F50-93F10C9ECE9E}.Release|Any CPU.ActiveCfg = Release|Any CPU
		{77C28C52-33A1-4779-9F50-93F10C9ECE9E}.Release|Any CPU.Build.0 = Release|Any CPU
		{0696A8B6-EB56-414C-8F07-975F7C35508B}.Debug|Any CPU.ActiveCfg = Debug|Any CPU
		{0696A8B6-EB56-414C-8F07-975F7C35508B}.Debug|Any CPU.Build.0 = Debug|Any CPU
		{0696A8B6-EB56-414C-8F07-975F7C35508B}.Release|Any CPU.ActiveCfg = Release|Any CPU
		{0696A8B6-EB56-414C-8F07-975F7C35508B}.Release|Any CPU.Build.0 = Release|Any CPU
		{13791A57-83D4-4731-A7A1-D1F7FD57BA34}.Debug|Any CPU.ActiveCfg = Debug|Any CPU
		{13791A57-83D4-4731-A7A1-D1F7FD57BA34}.Debug|Any CPU.Build.0 = Debug|Any CPU
		{13791A57-83D4-4731-A7A1-D1F7FD57BA34}.Release|Any CPU.ActiveCfg = Release|Any CPU
		{13791A57-83D4-4731-A7A1-D1F7FD57BA34}.Release|Any CPU.Build.0 = Release|Any CPU
	EndGlobalSection
	GlobalSection(SolutionProperties) = preSolution
		HideSolutionNode = FALSE
	EndGlobalSection
	GlobalSection(NestedProjects) = preSolution
		{6F877503-E9F2-47D1-8AEB-BAE2DFB3E4EF} = {2ABF75DE-24E5-443E-A520-F7172DF53D6D}
		{77C28C52-33A1-4779-9F50-93F10C9ECE9E} = {6F877503-E9F2-47D1-8AEB-BAE2DFB3E4EF}
		{0696A8B6-EB56-414C-8F07-975F7C35508B} = {6A8E895C-CE7A-4C95-94F1-29334F8EFF45}
	EndGlobalSection
	GlobalSection(ExtensibilityGlobals) = postSolution
		SolutionGuid = {EEB02FC0-D002-4227-8240-DE6EEBEAA16A}
	EndGlobalSection
EndGlobal
